
Microsoft Visual Studio Solution File, Format Version 12.00
# Visual Studio 2012
Project("{FAE04EC0-301F-11D3-BF4B-00C04F79EFBC}") = "SqlServer", "SqlServer\SqlServer.csproj", "{91162572-EA55-49D3-B78B-464CDA7E3646}"
EndProject
Project("{FAE04EC0-301F-11D3-BF4B-00C04F79EFBC}") = "Common", "Common\Common.csproj", "{3275A144-2508-4BBA-8A1D-DB77C126E66F}"
EndProject
Project("{FAE04EC0-301F-11D3-BF4B-00C04F79EFBC}") = "FormTest", "FormTest\FormTest.csproj", "{8ABEC608-3A79-410A-A3B2-E0C419393293}"
EndProject
Global
	GlobalSection(SolutionConfigurationPlatforms) = preSolution
		Debug|Any CPU = Debug|Any CPU
		Release|Any CPU = Release|Any CPU
	EndGlobalSection
	GlobalSection(ProjectConfigurationPlatforms) = postSolution
		{91162572-EA55-49D3-B78B-464CDA7E3646}.Debug|Any CPU.ActiveCfg = Debug|Any CPU
		{91162572-EA55-49D3-B78B-464CDA7E3646}.Debug|Any CPU.Build.0 = Debug|Any CPU
		{91162572-EA55-49D3-B78B-464CDA7E3646}.Release|Any CPU.ActiveCfg = Release|Any CPU
		{91162572-EA55-49D3-B78B-464CDA7E3646}.Release|Any CPU.Build.0 = Release|Any CPU
		{3275A144-2508-4BBA-8A1D-DB77C126E66F}.Debug|Any CPU.ActiveCfg = Debug|Any CPU
		{3275A144-2508-4BBA-8A1D-DB77C126E66F}.Debug|Any CPU.Build.0 = Debug|Any CPU
		{3275A144-2508-4BBA-8A1D-DB77C126E66F}.Release|Any CPU.ActiveCfg = Release|Any CPU
		{3275A144-2508-4BBA-8A1D-DB77C126E66F}.Release|Any CPU.Build.0 = Release|Any CPU
		{8ABEC608-3A79-410A-A3B2-E0C419393293}.Debug|Any CPU.ActiveCfg = Debug|Any CPU
		{8ABEC608-3A79-410A-A3B2-E0C419393293}.Debug|Any CPU.Build.0 = Debug|Any CPU
		{8ABEC608-3A79-410A-A3B2-E0C419393293}.Release|Any CPU.ActiveCfg = Release|Any CPU
		{8ABEC608-3A79-410A-A3B2-E0C419393293}.Release|Any CPU.Build.0 = Release|Any CPU
	EndGlobalSection
	GlobalSection(SolutionProperties) = preSolution
		HideSolutionNode = FALSE
	EndGlobalSection
EndGlobal
